{
  "nodes": {
    "dbusProxyFlake": {
      "inputs": {
        "nixpkgs": [
          "lua-connman_dbus",
          "nixpkgs"
        ]
      },
      "locked": {
        "lastModified": 1728059735,
        "narHash": "sha256-AeKYKaPYADWkufB9OicPNTrcm1mQfkuMI+7WKidppNw=",
        "owner": "stefano-m",
        "repo": "lua-dbus_proxy",
        "rev": "986bf1a4dc481a753c812c6035d2277a149c9b2a",
        "type": "github"
      },
      "original": {
        "owner": "stefano-m",
        "ref": "master",
        "repo": "lua-dbus_proxy",
        "type": "github"
      }
    },
    "lua-connman_dbus": {
      "inputs": {
        "dbusProxyFlake": "dbusProxyFlake",
        "nixpkgs": [
          "nixpkgs"
        ]
      },
      "locked": {
        "lastModified": 1762717627,
        "narHash": "sha256-F0A823qgBY7FnR1ii9ptPxye8TmBkPQynR52ofqNJCA=",
        "owner": "stefano-m",
        "repo": "lua-connman_dbus",
        "rev": "ffccac703e12ea25aacbdcdf567f9d630bc0faa2",
        "type": "github"
      },
      "original": {
        "owner": "stefano-m",
        "ref": "master",
        "repo": "lua-connman_dbus",
        "type": "github"
      }
    },
    "nixpkgs": {
      "locked": {
        "lastModified": 1780902259,
        "narHash": "sha256-q8yYEC5f1mFlQO9RGna4LTc9QrcvWunX6FYp83munkQ=",
        "owner": "NixOS",
        "repo": "nixpkgs",
        "rev": "bd0ff2d3eac24699c3664d5966b9ef36f388e2ca",
        "type": "github"
      },
      "original": {
        "owner": "NixOS",
        "ref": "nixos-26.05",
        "repo": "nixpkgs",
        "type": "github"
      }
    },
    "root": {
      "inputs": {
        "lua-connman_dbus": "lua-connman_dbus",
        "nixpkgs": "nixpkgs"
      }
    }
  },
  "root": "root",
  "version": 7
}
